
Microsoft Visual Studio Solution File, Format Version 12.00
# Visual Studio 15
VisualStudioVersion = 15.0.26730.15
MinimumVisualStudioVersion = 10.0.40219.1
Project("{FAE04EC0-301F-11D3-BF4B-00C04F79EFBC}") = "HungerApp", "HungerApp\HungerApp.csproj", "{B5E62623-62BF-43BC-B4B9-A35EC4D9DE13}"
EndProject
Global
	GlobalSection(SolutionConfigurationPlatforms) = preSolution
		Debug|Any CPU = Debug|Any CPU
		Release|Any CPU = Release|Any CPU
	EndGlobalSection
	GlobalSection(ProjectConfigurationPlatforms) = postSolution
		{B5E62623-62BF-43BC-B4B9-A35EC4D9DE13}.Debug|Any CPU.ActiveCfg = Debug|Any CPU
		{B5E62623-62BF-43BC-B4B9-A35EC4D9DE13}.Debug|Any CPU.Build.0 = Debug|Any CPU
		{B5E62623-62BF-43BC-B4B9-A35EC4D9DE13}.Release|Any CPU.ActiveCfg = Release|Any CPU
		{B5E62623-62BF-43BC-B4B9-A35EC4D9DE13}.Release|Any CPU.Build.0 = Release|Any CPU
	EndGlobalSection
	GlobalSection(SolutionProperties) = preSolution
		HideSolutionNode = FALSE
	EndGlobalSection
	GlobalSection(ExtensibilityGlobals) = postSolution
		SolutionGuid = {5307A640-9490-4FB0-8599-E33D6763A754}
	EndGlobalSection
EndGlobal
